// !$*UTF8*$!
{
	archiveVersion = 1;
	classes = {
	};
	objectVersion = 50;
	objects = {

/* Begin PBXBuildFile section */
		CC6CECA5293C12D14C6537E2 /* libPods-YSFramework.a in Frameworks */ = {isa = PBXBuildFile; fileRef = 81DC82315DEF7529B89750EE /* libPods-YSFramework.a */; };
		CDC9D35F21B4AFA400225E13 /* AppDelegate.m in Sources */ = {isa = PBXBuildFile; fileRef = CDC9D35E21B4AFA400225E13 /* AppDelegate.m */; };
		CDC9D37621B4B04600225E13 /* MainViewController.m in Sources */ = {isa = PBXBuildFile; fileRef = CDC9D37521B4B04600225E13 /* MainViewController.m */; };
		CDC9D37C21B4B10900225E13 /* LaunchScreen.storyboard in Resources */ = {isa = PBXBuildFile; fileRef = CDC9D37821B4B10900225E13 /* LaunchScreen.storyboard */; };
		CDC9D37D21B4B10900225E13 /* Assets.xcassets in Resources */ = {isa = PBXBuildFile; fileRef = CDC9D37921B4B10900225E13 /* Assets.xcassets */; };
		CDC9D37E21B4B10900225E13 /* main.m in Sources */ = {isa = PBXBuildFile; fileRef = CDC9D37A21B4B10900225E13 /* main.m */; };
		CDC9D38621B4F02B00225E13 /* ViewController.m in Sources */ = {isa = PBXBuildFile; fileRef = CDC9D38521B4F02B00225E13 /* ViewController.m */; };
/* End PBXBuildFile section */

/* Begin PBXFileReference section */
		02156DDB2579339DB2B9CC78 /* Pods-YSFramework.release.xcconfig */ = {isa = PBXFileReference; includeInIndex = 1; lastKnownFileType = text.xcconfig; name = "Pods-YSFramework.release.xcconfig"; path = "Pods/Target Support Files/Pods-YSFramework/Pods-YSFramework.release.xcconfig"; sourceTree = "<group>"; };
		19B787079488C857D093F576 /* Pods-YSFramework.debug.xcconfig */ = {isa = PBXFileReference; includeInIndex = 1; lastKnownFileType = text.xcconfig; name = "Pods-YSFramework.debug.xcconfig"; path = "Pods/Target Support Files/Pods-YSFramework/Pods-YSFramework.debug.xcconfig"; sourceTree = "<group>"; };
		81DC82315DEF7529B89750EE /* libPods-YSFramework.a */ = {isa = PBXFileReference; explicitFileType = archive.ar; includeInIndex = 0; path = "libPods-YSFramework.a"; sourceTree = BUILT_PRODUCTS_DIR; };
		CDC9D35A21B4AFA400225E13 /* YSFramework.app */ = {isa = PBXFileReference; explicitFileType = wrapper.application; includeInIndex = 0; path = YSFramework.app; sourceTree = BUILT_PRODUCTS_DIR; };
		CDC9D35D21B4AFA400225E13 /* AppDelegate.h */ = {isa = PBXFileReference; lastKnownFileType = sourcecode.c.h; path = AppDelegate.h; sourceTree = "<group>"; };
		CDC9D35E21B4AFA400225E13 /* AppDelegate.m */ = {isa = PBXFileReference; lastKnownFileType = sourcecode.c.objc; path = AppDelegate.m; sourceTree = "<group>"; };
		CDC9D37421B4B04600225E13 /* MainViewController.h */ = {isa = PBXFileReference; lastKnownFileType = sourcecode.c.h; path = MainViewController.h; sourceTree = "<group>"; };
		CDC9D37521B4B04600225E13 /* MainViewController.m */ = {isa = PBXFileReference; lastKnownFileType = sourcecode.c.objc; path = MainViewController.m; sourceTree = "<group>"; };
		CDC9D37821B4B10900225E13 /* LaunchScreen.storyboard */ = {isa = PBXFileReference; fileEncoding = 4; lastKnownFileType = file.storyboard; path = LaunchScreen.storyboard; sourceTree = "<group>"; };
		CDC9D37921B4B10900225E13 /* Assets.xcassets */ = {isa = PBXFileReference; lastKnownFileType = folder.assetcatalog; path = Assets.xcassets; sourceTree = "<group>"; };
		CDC9D37A21B4B10900225E13 /* main.m */ = {isa = PBXFileReference; fileEncoding = 4; lastKnownFileType = sourcecode.c.objc; path = main.m; sourceTree = "<group>"; };
		CDC9D38021B4B18300225E13 /* Info.plist */ = {isa = PBXFileReference; fileEncoding = 4; lastKnownFileType = text.plist.xml; path = Info.plist; sourceTree = "<group>"; };
		CDC9D38421B4F02B00225E13 /* ViewController.h */ = {isa = PBXFileReference; lastKnownFileType = sourcecode.c.h; path = ViewController.h; sourceTree = "<group>"; };
		CDC9D38521B4F02B00225E13 /* ViewController.m */ = {isa = PBXFileReference; lastKnownFileType = sourcecode.c.objc; path = ViewController.m; sourceTree = "<group>"; };
/* End PBXFileReference section */

/* Begin PBXFrameworksBuildPhase section */
		CDC9D35721B4AFA400225E13 /* Frameworks */ = {
			isa = PBXFrameworksBuildPhase;
			buildActionMask = 2147483647;
			files = (
				CC6CECA5293C12D14C6537E2 /* libPods-YSFramework.a in Frameworks */,
			);
			runOnlyForDeploymentPostprocessing = 0;
		};
/* End PBXFrameworksBuildPhase section */

/* Begin PBXGroup section */
		9CC52FF247A4EE78C9DE4E0A /* Pods */ = {
			isa = PBXGroup;
			children = (
				19B787079488C857D093F576 /* Pods-YSFramework.debug.xcconfig */,
				02156DDB2579339DB2B9CC78 /* Pods-YSFramework.release.xcconfig */,
			);
			name = Pods;
			sourceTree = "<group>";
		};
		B0B80DD47F217805EE8443DF /* Frameworks */ = {
			isa = PBXGroup;
			children = (
				81DC82315DEF7529B89750EE /* libPods-YSFramework.a */,
			);
			name = Frameworks;
			sourceTree = "<group>";
		};
		CDC9D35121B4AFA400225E13 = {
			isa = PBXGroup;
			children = (
				CDC9D35C21B4AFA400225E13 /* YSFramework */,
				CDC9D35B21B4AFA400225E13 /* Products */,
				9CC52FF247A4EE78C9DE4E0A /* Pods */,
				B0B80DD47F217805EE8443DF /* Frameworks */,
			);
			sourceTree = "<group>";
		};
		CDC9D35B21B4AFA400225E13 /* Products */ = {
			isa = PBXGroup;
			children = (
				CDC9D35A21B4AFA400225E13 /* YSFramework.app */,
			);
			name = Products;
			sourceTree = "<group>";
		};
		CDC9D35C21B4AFA400225E13 /* YSFramework */ = {
			isa = PBXGroup;
			children = (
				CDC9D38221B4EF8100225E13 /* Base */,
				CDC9D37321B4B01D00225E13 /* ViewController */,
				CDC9D35D21B4AFA400225E13 /* AppDelegate.h */,
				CDC9D35E21B4AFA400225E13 /* AppDelegate.m */,
				CDC9D37721B4B10900225E13 /* SupportingFile */,
			);
			path = YSFramework;
			sourceTree = "<group>";
		};
		CDC9D37321B4B01D00225E13 /* ViewController */ = {
			isa = PBXGroup;
			children = (
				CDC9D37421B4B04600225E13 /* MainViewController.h */,
				CDC9D37521B4B04600225E13 /* MainViewController.m */,
			);
			path = ViewController;
			sourceTree = "<group>";
		};
		CDC9D37721B4B10900225E13 /* SupportingFile */ = {
			isa = PBXGroup;
			children = (
				CDC9D38021B4B18300225E13 /* Info.plist */,
				CDC9D37821B4B10900225E13 /* LaunchScreen.storyboard */,
				CDC9D37921B4B10900225E13 /* Assets.xcassets */,
				CDC9D37A21B4B10900225E13 /* main.m */,
			);
			path = SupportingFile;
			sourceTree = "<group>";
		};
		CDC9D38221B4EF8100225E13 /* Base */ = {
			isa = PBXGroup;
			children = (
				CDC9D38321B4EF8100225E13 /* Expand */,
			);
			path = Base;
			sourceTree = "<group>";
		};
		CDC9D38321B4EF8100225E13 /* Expand */ = {
			isa = PBXGroup;
			children = (
				CDC9D38421B4F02B00225E13 /* ViewController.h */,
				CDC9D38521B4F02B00225E13 /* ViewController.m */,
			);
			path = Expand;
			sourceTree = "<group>";
		};
/* End PBXGroup section */

/* Begin PBXNativeTarget section */
		CDC9D35921B4AFA400225E13 /* YSFramework */ = {
			isa = PBXNativeTarget;
			buildConfigurationList = CDC9D37021B4AFA600225E13 /* Build configuration list for PBXNativeTarget "YSFramework" */;
			buildPhases = (
				D7989B2EF4C49BDA06D4EAC3 /* [CP] Check Pods Manifest.lock */,
				CDC9D35621B4AFA400225E13 /* Sources */,
				CDC9D35721B4AFA400225E13 /* Frameworks */,
				CDC9D35821B4AFA400225E13 /* Resources */,
			);
			buildRules = (
			);
			dependencies = (
			);
			name = YSFramework;
			productName = YSFramework;
			productReference = CDC9D35A21B4AFA400225E13 /* YSFramework.app */;
			productType = "com.apple.product-type.application";
		};
/* End PBXNativeTarget section */

/* Begin PBXProject section */
		CDC9D35221B4AFA400225E13 /* Project object */ = {
			isa = PBXProject;
			attributes = {
				LastUpgradeCheck = 1000;
				ORGANIZATIONNAME = wch;
				TargetAttributes = {
					CDC9D35921B4AFA400225E13 = {
						CreatedOnToolsVersion = 10.0;
					};
				};
			};
			buildConfigurationList = CDC9D35521B4AFA400225E13 /* Build configuration list for PBXProject "YSFramework" */;
			compatibilityVersion = "Xcode 9.3";
			developmentRegion = en;
			hasScannedForEncodings = 0;
			knownRegions = (
				en,
				Base,
			);
			mainGroup = CDC9D35121B4AFA400225E13;
			productRefGroup = CDC9D35B21B4AFA400225E13 /* Products */;
			projectDirPath = "";
			projectRoot = "";
			targets = (
				CDC9D35921B4AFA400225E13 /* YSFramework */,
			);
		};
/* End PBXProject section */

/* Begin PBXResourcesBuildPhase section */
		CDC9D35821B4AFA400225E13 /* Resources */ = {
			isa = PBXResourcesBuildPhase;
			buildActionMask = 2147483647;
			files = (
				CDC9D37D21B4B10900225E13 /* Assets.xcassets in Resources */,
				CDC9D37C21B4B10900225E13 /* LaunchScreen.storyboard in Resources */,
			);
			runOnlyForDeploymentPostprocessing = 0;
		};
/* End PBXResourcesBuildPhase section */

/* Begin PBXShellScriptBuildPhase section */
		D7989B2EF4C49BDA06D4EAC3 /* [CP] Check Pods Manifest.lock */ = {
			isa = PBXShellScriptBuildPhase;
			buildActionMask = 2147483647;
			files = (
			);
			inputPaths = (
				"${PODS_PODFILE_DIR_PATH}/Podfile.lock",
				"${PODS_ROOT}/Manifest.lock",
			);
			name = "[CP] Check Pods Manifest.lock";
			outputPaths = (
				"$(DERIVED_FILE_DIR)/Pods-YSFramework-checkManifestLockResult.txt",
			);
			runOnlyForDeploymentPostprocessing = 0;
			shellPath = /bin/sh;
			shellScript = "diff \"${PODS_PODFILE_DIR_PATH}/Podfile.lock\" \"${PODS_ROOT}/Manifest.lock\" > /dev/null\nif [ $? != 0 ] ; then\n    # print error to STDERR\n    echo \"error: The sandbox is not in sync with the Podfile.lock. Run 'pod install' or update your CocoaPods installation.\" >&2\n    exit 1\nfi\n# This output is used by Xcode 'outputs' to avoid re-running this script phase.\necho \"SUCCESS\" > \"${SCRIPT_OUTPUT_FILE_0}\"\n";
			showEnvVarsInLog = 0;
		};
/* End PBXShellScriptBuildPhase section */

/* Begin PBXSourcesBuildPhase section */
		CDC9D35621B4AFA400225E13 /* Sources */ = {
			isa = PBXSourcesBuildPhase;
			buildActionMask = 2147483647;
			files = (
				CDC9D37621B4B04600225E13 /* MainViewController.m in Sources */,
				CDC9D37E21B4B10900225E13 /* main.m in Sources */,
				CDC9D38621B4F02B00225E13 /* ViewController.m in Sources */,
				CDC9D35F21B4AFA400225E13 /* AppDelegate.m in Sources */,
			);
			runOnlyForDeploymentPostprocessing = 0;
		};
/* End PBXSourcesBuildPhase section */

/* Begin XCBuildConfiguration section */
		CDC9D36E21B4AFA600225E13 /* Debug */ = {
			isa = XCBuildConfiguration;
			buildSettings = {
				ALWAYS_SEARCH_USER_PATHS = NO;
				CLANG_ANALYZER_NONNULL = YES;
				CLANG_ANALYZER_NUMBER_OBJECT_CONVERSION = YES_AGGRESSIVE;
				CLANG_CXX_LANGUAGE_STANDARD = "gnu++14";
				CLANG_CXX_LIBRARY = "libc++";
				CLANG_ENABLE_MODULES = YES;
				CLANG_ENABLE_OBJC_ARC = YES;
				CLANG_ENABLE_OBJC_WEAK = YES;
				CLANG_WARN_BLOCK_CAPTURE_AUTORELEASING = YES;
				CLANG_WARN_BOOL_CONVERSION = YES;
				CLANG_WARN_COMMA = YES;
				CLANG_WARN_CONSTANT_CONVERSION = YES;
				CLANG_WARN_DEPRECATED_OBJC_IMPLEMENTATIONS = YES;
				CLANG_WARN_DIRECT_OBJC_ISA_USAGE = YES_ERROR;
				CLANG_WARN_DOCUMENTATION_COMMENTS = YES;
				CLANG_WARN_EMPTY_BODY = YES;
				CLANG_WARN_ENUM_CONVERSION = YES;
				CLANG_WARN_INFINITE_RECURSION = YES;
				CLANG_WARN_INT_CONVERSION = YES;
				CLANG_WARN_NON_LITERAL_NULL_CONVERSION = YES;
				CLANG_WARN_OBJC_IMPLICIT_RETAIN_SELF = YES;
				CLANG_WARN_OBJC_LITERAL_CONVERSION = YES;
				CLANG_WARN_OBJC_ROOT_CLASS = YES_ERROR;
				CLANG_WARN_RANGE_LOOP_ANALYSIS = YES;
				CLANG_WARN_STRICT_PROTOTYPES = YES;
				CLANG_WARN_SUSPICIOUS_MOVE = YES;
				CLANG_WARN_UNGUARDED_AVAILABILITY = YES_AGGRESSIVE;
				CLANG_WARN_UNREACHABLE_CODE = YES;
				CLANG_WARN__DUPLICATE_METHOD_MATCH = YES;
				CODE_SIGN_IDENTITY = "iPhone Developer";
				COPY_PHASE_STRIP = NO;
				DEBUG_INFORMATION_FORMAT = dwarf;
				ENABLE_STRICT_OBJC_MSGSEND = YES;
				ENABLE_TESTABILITY = YES;
				GCC_C_LANGUAGE_STANDARD = gnu11;
				GCC_DYNAMIC_NO_PIC = NO;
				GCC_NO_COMMON_BLOCKS = YES;
				GCC_OPTIMIZATION_LEVEL = 0;
				GCC_PREPROCESSOR_DEFINITIONS = (
					"DEBUG=1",
					"$(inherited)",
				);
				GCC_WARN_64_TO_32_BIT_CONVERSION = YES;
				GCC_WARN_ABOUT_RETURN_TYPE = YES_ERROR;
				GCC_WARN_UNDECLARED_SELECTOR = YES;
				GCC_WARN_UNINITIALIZED_AUTOS = YES_AGGRESSIVE;
				GCC_WARN_UNUSED_FUNCTION = YES;
				GCC_WARN_UNUSED_VARIABLE = YES;
				IPHONEOS_DEPLOYMENT_TARGET = 12.0;
				MTL_ENABLE_DEBUG_INFO = INCLUDE_SOURCE;
				MTL_FAST_MATH = YES;
				ONLY_ACTIVE_ARCH = YES;
				SDKROOT = iphoneos;
			};
			name = Debug;
		};
		CDC9D36F21B4AFA600225E13 /* Release */ = {
			isa = XCBuildConfiguration;
			buildSettings = {
				ALWAYS_SEARCH_USER_PATHS = NO;
				CLANG_ANALYZER_NONNULL = YES;
				CLANG_ANALYZER_NUMBER_OBJECT_CONVERSION = YES_AGGRESSIVE;
				CLANG_CXX_LANGUAGE_STANDARD = "gnu++14";
				CLANG_CXX_LIBRARY = "libc++";
				CLANG_ENABLE_MODULES = YES;
				CLANG_ENABLE_OBJC_ARC = YES;
				CLANG_ENABLE_OBJC_WEAK = YES;
				CLANG_WARN_BLOCK_CAPTURE_AUTORELEASING = YES;
				CLANG_WARN_BOOL_CONVERSION = YES;
				CLANG_WARN_COMMA = YES;
				CLANG_WARN_CONSTANT_CONVERSION = YES;
				CLANG_WARN_DEPRECATED_OBJC_IMPLEMENTATIONS = YES;
				CLANG_WARN_DIRECT_OBJC_ISA_USAGE = YES_ERROR;
				CLANG_WARN_DOCUMENTATION_COMMENTS = YES;
				CLANG_WARN_EMPTY_BODY = YES;
				CLANG_WARN_ENUM_CONVERSION = YES;
				CLANG_WARN_INFINITE_RECURSION = YES;
				CLANG_WARN_INT_CONVERSION = YES;
				CLANG_WARN_NON_LITERAL_NULL_CONVERSION = YES;
				CLANG_WARN_OBJC_IMPLICIT_RETAIN_SELF = YES;
				CLANG_WARN_OBJC_LITERAL_CONVERSION = YES;
				CLANG_WARN_OBJC_ROOT_CLASS = YES_ERROR;
				CLANG_WARN_RANGE_LOOP_ANALYSIS = YES;
				CLANG_WARN_STRICT_PROTOTYPES = YES;
				CLANG_WARN_SUSPICIOUS_MOVE = YES;
				CLANG_WARN_UNGUARDED_AVAILABILITY = YES_AGGRESSIVE;
				CLANG_WARN_UNREACHABLE_CODE = YES;
				CLANG_WARN__DUPLICATE_METHOD_MATCH = YES;
				CODE_SIGN_IDENTITY = "iPhone Developer";
				COPY_PHASE_STRIP = NO;
				DEBUG_INFORMATION_FORMAT = "dwarf-with-dsym";
				ENABLE_NS_ASSERTIONS = NO;
				ENABLE_STRICT_OBJC_MSGSEND = YES;
				GCC_C_LANGUAGE_STANDARD = gnu11;
				GCC_NO_COMMON_BLOCKS = YES;
				GCC_WARN_64_TO_32_BIT_CONVERSION = YES;
				GCC_WARN_ABOUT_RETURN_TYPE = YES_ERROR;
				GCC_WARN_UNDECLARED_SELECTOR = YES;
				GCC_WARN_UNINITIALIZED_AUTOS = YES_AGGRESSIVE;
				GCC_WARN_UNUSED_FUNCTION = YES;
				GCC_WARN_UNUSED_VARIABLE = YES;
				IPHONEOS_DEPLOYMENT_TARGET = 12.0;
				MTL_ENABLE_DEBUG_INFO = NO;
				MTL_FAST_MATH = YES;
				SDKROOT = iphoneos;
				VALIDATE_PRODUCT = YES;
			};
			name = Release;
		};
		CDC9D37121B4AFA600225E13 /* Debug */ = {
			isa = XCBuildConfiguration;
			baseConfigurationReference = 19B787079488C857D093F576 /* Pods-YSFramework.debug.xcconfig */;
			buildSettings = {
				ASSETCATALOG_COMPILER_APPICON_NAME = AppIcon;
				CODE_SIGN_STYLE = Automatic;
				DEVELOPMENT_TEAM = Y92CQBB73U;
				INFOPLIST_FILE = YSFramework/SupportingFile/Info.plist;
				IPHONEOS_DEPLOYMENT_TARGET = 9.0;
				LD_RUNPATH_SEARCH_PATHS = (
					"$(inherited)",
					"@executable_path/Frameworks",
				);
				PRODUCT_BUNDLE_IDENTIFIER = com.leading.wch.YSFramework;
				PRODUCT_NAME = "$(TARGET_NAME)";
				TARGETED_DEVICE_FAMILY = "1,2";
			};
			name = Debug;
		};
		CDC9D37221B4AFA600225E13 /* Release */ = {
			isa = XCBuildConfiguration;
			baseConfigurationReference = 02156DDB2579339DB2B9CC78 /* Pods-YSFramework.release.xcconfig */;
			buildSettings = {
				ASSETCATALOG_COMPILER_APPICON_NAME = AppIcon;
				CODE_SIGN_STYLE = Automatic;
				DEVELOPMENT_TEAM = Y92CQBB73U;
				INFOPLIST_FILE = YSFramework/SupportingFile/Info.plist;
				IPHONEOS_DEPLOYMENT_TARGET = 9.0;
				LD_RUNPATH_SEARCH_PATHS = (
					"$(inherited)",
					"@executable_path/Frameworks",
				);
				PRODUCT_BUNDLE_IDENTIFIER = com.leading.wch.YSFramework;
				PRODUCT_NAME = "$(TARGET_NAME)";
				TARGETED_DEVICE_FAMILY = "1,2";
			};
			name = Release;
		};
/* End XCBuildConfiguration section */

/* Begin XCConfigurationList section */
		CDC9D35521B4AFA400225E13 /* Build configuration list for PBXProject "YSFramework" */ = {
			isa = XCConfigurationList;
			buildConfigurations = (
				CDC9D36E21B4AFA600225E13 /* Debug */,
				CDC9D36F21B4AFA600225E13 /* Release */,
			);
			defaultConfigurationIsVisible = 0;
			defaultConfigurationName = Release;
		};
		CDC9D37021B4AFA600225E13 /* Build configuration list for PBXNativeTarget "YSFramework" */ = {
			isa = XCConfigurationList;
			buildConfigurations = (
				CDC9D37121B4AFA600225E13 /* Debug */,
				CDC9D37221B4AFA600225E13 /* Release */,
			);
			defaultConfigurationIsVisible = 0;
			defaultConfigurationName = Release;
		};
/* End XCConfigurationList section */
	};
	rootObject = CDC9D35221B4AFA400225E13 /* Project object */;
}
