// !$*UTF8*$!
{
	archiveVersion = 1;
	classes = {
	};
	objectVersion = 50;
	objects = {

/* Begin PBXBuildFile section */
		CC6CECA5293C12D14C6537E2 /* libPods-YSFramework.a in Frameworks */ = {isa = PBXBuildFile; fileRef = 81DC82315DEF7529B89750EE /* libPods-YSFramework.a */; };
		CD4EC79E21B63318002E8E96 /* NSMutableDictionary+YSSafe.m in Sources */ = {isa = PBXBuildFile; fileRef = CD4EC79D21B63318002E8E96 /* NSMutableDictionary+YSSafe.m */; };
		CD4EC7A121B63C5C002E8E96 /* NSDictionary+YSSafe.m in Sources */ = {isa = PBXBuildFile; fileRef = CD4EC7A021B63C5C002E8E96 /* NSDictionary+YSSafe.m */; };
		CD4EC7A421B65B9B002E8E96 /* NSDictionary+YSRemove.m in Sources */ = {isa = PBXBuildFile; fileRef = CD4EC7A321B65B9B002E8E96 /* NSDictionary+YSRemove.m */; };
		CD4EC7AD21B65E75002E8E96 /* NSString+YSSerialize.m in Sources */ = {isa = PBXBuildFile; fileRef = CD4EC7AC21B65E75002E8E96 /* NSString+YSSerialize.m */; };
		CD4EC7B021B65F95002E8E96 /* NSDictionary+YSSerialize.m in Sources */ = {isa = PBXBuildFile; fileRef = CD4EC7AF21B65F95002E8E96 /* NSDictionary+YSSerialize.m */; };
		CD4EC7B321B65FB1002E8E96 /* NSObject+YSSerialize.m in Sources */ = {isa = PBXBuildFile; fileRef = CD4EC7B221B65FB1002E8E96 /* NSObject+YSSerialize.m */; };
		CD4EC7BE21B67C36002E8E96 /* UIColor+YSTurnRGB.m in Sources */ = {isa = PBXBuildFile; fileRef = CD4EC7BD21B67C36002E8E96 /* UIColor+YSTurnRGB.m */; };
		CD4EC7C121B68F48002E8E96 /* NSArray+YSSerialize.m in Sources */ = {isa = PBXBuildFile; fileRef = CD4EC7C021B68F48002E8E96 /* NSArray+YSSerialize.m */; };
		CD4EC7C421B68FA3002E8E96 /* NSArray+YSCheck.m in Sources */ = {isa = PBXBuildFile; fileRef = CD4EC7C321B68FA3002E8E96 /* NSArray+YSCheck.m */; };
		CD4EC7C821B694DE002E8E96 /* UIAlertController+YSAlert.m in Sources */ = {isa = PBXBuildFile; fileRef = CD4EC7C721B694DE002E8E96 /* UIAlertController+YSAlert.m */; };
		CD4EC7CC21B697A8002E8E96 /* UIView+YSLayout.m in Sources */ = {isa = PBXBuildFile; fileRef = CD4EC7CB21B697A8002E8E96 /* UIView+YSLayout.m */; };
		CD4EC7D021B6998F002E8E96 /* UIImage+YSOrientation.m in Sources */ = {isa = PBXBuildFile; fileRef = CD4EC7CF21B6998F002E8E96 /* UIImage+YSOrientation.m */; };
		CD4EC7D321B69C55002E8E96 /* UIImage+YSResize.m in Sources */ = {isa = PBXBuildFile; fileRef = CD4EC7D221B69C55002E8E96 /* UIImage+YSResize.m */; };
		CD4EC7D621B6A554002E8E96 /* BaseViewController.m in Sources */ = {isa = PBXBuildFile; fileRef = CD4EC7D521B6A554002E8E96 /* BaseViewController.m */; };
		CDC9D35F21B4AFA400225E13 /* AppDelegate.m in Sources */ = {isa = PBXBuildFile; fileRef = CDC9D35E21B4AFA400225E13 /* AppDelegate.m */; };
		CDC9D37621B4B04600225E13 /* MainViewController.m in Sources */ = {isa = PBXBuildFile; fileRef = CDC9D37521B4B04600225E13 /* MainViewController.m */; };
		CDC9D37C21B4B10900225E13 /* LaunchScreen.storyboard in Resources */ = {isa = PBXBuildFile; fileRef = CDC9D37821B4B10900225E13 /* LaunchScreen.storyboard */; };
		CDC9D37D21B4B10900225E13 /* Assets.xcassets in Resources */ = {isa = PBXBuildFile; fileRef = CDC9D37921B4B10900225E13 /* Assets.xcassets */; };
		CDC9D37E21B4B10900225E13 /* main.m in Sources */ = {isa = PBXBuildFile; fileRef = CDC9D37A21B4B10900225E13 /* main.m */; };
		CDC9D38A21B503B300225E13 /* LoadingCamelBG@2x.png in Resources */ = {isa = PBXBuildFile; fileRef = CDC9D38821B503B300225E13 /* LoadingCamelBG@2x.png */; };
		CDC9D39021B51CE700225E13 /* LoadingCamel_000.png in Resources */ = {isa = PBXBuildFile; fileRef = CDC9D38F21B51CE700225E13 /* LoadingCamel_000.png */; };
		CDC9D39421B51F2F00225E13 /* LoadingViewController.m in Sources */ = {isa = PBXBuildFile; fileRef = CDC9D39321B51F2F00225E13 /* LoadingViewController.m */; };
		CDC9D39F21B54DC100225E13 /* NSString+YSCheck.m in Sources */ = {isa = PBXBuildFile; fileRef = CDC9D39E21B54DC100225E13 /* NSString+YSCheck.m */; };
		CDC9D3A521B54E4800225E13 /* NSString+YSUtility.m in Sources */ = {isa = PBXBuildFile; fileRef = CDC9D3A421B54E4800225E13 /* NSString+YSUtility.m */; };
		CDC9D3A821B5561500225E13 /* NSString+YSBase64.m in Sources */ = {isa = PBXBuildFile; fileRef = CDC9D3A721B5561500225E13 /* NSString+YSBase64.m */; };
		CDC9D3AC21B5564D00225E13 /* NSData+YSBase64.m in Sources */ = {isa = PBXBuildFile; fileRef = CDC9D3AB21B5564D00225E13 /* NSData+YSBase64.m */; };
		CDC9D3B021B5FFB800225E13 /* LocationViewController.m in Sources */ = {isa = PBXBuildFile; fileRef = CDC9D3AF21B5FFB800225E13 /* LocationViewController.m */; };
/* End PBXBuildFile section */

/* Begin PBXFileReference section */
		02156DDB2579339DB2B9CC78 /* Pods-YSFramework.release.xcconfig */ = {isa = PBXFileReference; includeInIndex = 1; lastKnownFileType = text.xcconfig; name = "Pods-YSFramework.release.xcconfig"; path = "Pods/Target Support Files/Pods-YSFramework/Pods-YSFramework.release.xcconfig"; sourceTree = "<group>"; };
		19B787079488C857D093F576 /* Pods-YSFramework.debug.xcconfig */ = {isa = PBXFileReference; includeInIndex = 1; lastKnownFileType = text.xcconfig; name = "Pods-YSFramework.debug.xcconfig"; path = "Pods/Target Support Files/Pods-YSFramework/Pods-YSFramework.debug.xcconfig"; sourceTree = "<group>"; };
		81DC82315DEF7529B89750EE /* libPods-YSFramework.a */ = {isa = PBXFileReference; explicitFileType = archive.ar; includeInIndex = 0; path = "libPods-YSFramework.a"; sourceTree = BUILT_PRODUCTS_DIR; };
		CD4EC79C21B63318002E8E96 /* NSMutableDictionary+YSSafe.h */ = {isa = PBXFileReference; lastKnownFileType = sourcecode.c.h; path = "NSMutableDictionary+YSSafe.h"; sourceTree = "<group>"; };
		CD4EC79D21B63318002E8E96 /* NSMutableDictionary+YSSafe.m */ = {isa = PBXFileReference; lastKnownFileType = sourcecode.c.objc; path = "NSMutableDictionary+YSSafe.m"; sourceTree = "<group>"; };
		CD4EC79F21B63C5C002E8E96 /* NSDictionary+YSSafe.h */ = {isa = PBXFileReference; lastKnownFileType = sourcecode.c.h; path = "NSDictionary+YSSafe.h"; sourceTree = "<group>"; };
		CD4EC7A021B63C5C002E8E96 /* NSDictionary+YSSafe.m */ = {isa = PBXFileReference; lastKnownFileType = sourcecode.c.objc; path = "NSDictionary+YSSafe.m"; sourceTree = "<group>"; };
		CD4EC7A221B65B9B002E8E96 /* NSDictionary+YSRemove.h */ = {isa = PBXFileReference; lastKnownFileType = sourcecode.c.h; path = "NSDictionary+YSRemove.h"; sourceTree = "<group>"; };
		CD4EC7A321B65B9B002E8E96 /* NSDictionary+YSRemove.m */ = {isa = PBXFileReference; lastKnownFileType = sourcecode.c.objc; path = "NSDictionary+YSRemove.m"; sourceTree = "<group>"; };
		CD4EC7AB21B65E75002E8E96 /* NSString+YSSerialize.h */ = {isa = PBXFileReference; lastKnownFileType = sourcecode.c.h; path = "NSString+YSSerialize.h"; sourceTree = "<group>"; };
		CD4EC7AC21B65E75002E8E96 /* NSString+YSSerialize.m */ = {isa = PBXFileReference; lastKnownFileType = sourcecode.c.objc; path = "NSString+YSSerialize.m"; sourceTree = "<group>"; };
		CD4EC7AE21B65F95002E8E96 /* NSDictionary+YSSerialize.h */ = {isa = PBXFileReference; lastKnownFileType = sourcecode.c.h; path = "NSDictionary+YSSerialize.h"; sourceTree = "<group>"; };
		CD4EC7AF21B65F95002E8E96 /* NSDictionary+YSSerialize.m */ = {isa = PBXFileReference; lastKnownFileType = sourcecode.c.objc; path = "NSDictionary+YSSerialize.m"; sourceTree = "<group>"; };
		CD4EC7B121B65FB1002E8E96 /* NSObject+YSSerialize.h */ = {isa = PBXFileReference; lastKnownFileType = sourcecode.c.h; path = "NSObject+YSSerialize.h"; sourceTree = "<group>"; };
		CD4EC7B221B65FB1002E8E96 /* NSObject+YSSerialize.m */ = {isa = PBXFileReference; lastKnownFileType = sourcecode.c.objc; path = "NSObject+YSSerialize.m"; sourceTree = "<group>"; };
		CD4EC7BC21B67C36002E8E96 /* UIColor+YSTurnRGB.h */ = {isa = PBXFileReference; lastKnownFileType = sourcecode.c.h; path = "UIColor+YSTurnRGB.h"; sourceTree = "<group>"; };
		CD4EC7BD21B67C36002E8E96 /* UIColor+YSTurnRGB.m */ = {isa = PBXFileReference; lastKnownFileType = sourcecode.c.objc; path = "UIColor+YSTurnRGB.m"; sourceTree = "<group>"; };
		CD4EC7BF21B68F48002E8E96 /* NSArray+YSSerialize.h */ = {isa = PBXFileReference; lastKnownFileType = sourcecode.c.h; path = "NSArray+YSSerialize.h"; sourceTree = "<group>"; };
		CD4EC7C021B68F48002E8E96 /* NSArray+YSSerialize.m */ = {isa = PBXFileReference; lastKnownFileType = sourcecode.c.objc; path = "NSArray+YSSerialize.m"; sourceTree = "<group>"; };
		CD4EC7C221B68FA3002E8E96 /* NSArray+YSCheck.h */ = {isa = PBXFileReference; lastKnownFileType = sourcecode.c.h; path = "NSArray+YSCheck.h"; sourceTree = "<group>"; };
		CD4EC7C321B68FA3002E8E96 /* NSArray+YSCheck.m */ = {isa = PBXFileReference; lastKnownFileType = sourcecode.c.objc; path = "NSArray+YSCheck.m"; sourceTree = "<group>"; };
		CD4EC7C621B694DE002E8E96 /* UIAlertController+YSAlert.h */ = {isa = PBXFileReference; lastKnownFileType = sourcecode.c.h; path = "UIAlertController+YSAlert.h"; sourceTree = "<group>"; };
		CD4EC7C721B694DE002E8E96 /* UIAlertController+YSAlert.m */ = {isa = PBXFileReference; lastKnownFileType = sourcecode.c.objc; path = "UIAlertController+YSAlert.m"; sourceTree = "<group>"; };
		CD4EC7CA21B697A8002E8E96 /* UIView+YSLayout.h */ = {isa = PBXFileReference; lastKnownFileType = sourcecode.c.h; path = "UIView+YSLayout.h"; sourceTree = "<group>"; };
		CD4EC7CB21B697A8002E8E96 /* UIView+YSLayout.m */ = {isa = PBXFileReference; lastKnownFileType = sourcecode.c.objc; path = "UIView+YSLayout.m"; sourceTree = "<group>"; };
		CD4EC7CE21B6998F002E8E96 /* UIImage+YSOrientation.h */ = {isa = PBXFileReference; lastKnownFileType = sourcecode.c.h; path = "UIImage+YSOrientation.h"; sourceTree = "<group>"; };
		CD4EC7CF21B6998F002E8E96 /* UIImage+YSOrientation.m */ = {isa = PBXFileReference; lastKnownFileType = sourcecode.c.objc; path = "UIImage+YSOrientation.m"; sourceTree = "<group>"; };
		CD4EC7D121B69C55002E8E96 /* UIImage+YSResize.h */ = {isa = PBXFileReference; lastKnownFileType = sourcecode.c.h; path = "UIImage+YSResize.h"; sourceTree = "<group>"; };
		CD4EC7D221B69C55002E8E96 /* UIImage+YSResize.m */ = {isa = PBXFileReference; lastKnownFileType = sourcecode.c.objc; path = "UIImage+YSResize.m"; sourceTree = "<group>"; };
		CD4EC7D421B6A554002E8E96 /* BaseViewController.h */ = {isa = PBXFileReference; lastKnownFileType = sourcecode.c.h; path = BaseViewController.h; sourceTree = "<group>"; };
		CD4EC7D521B6A554002E8E96 /* BaseViewController.m */ = {isa = PBXFileReference; lastKnownFileType = sourcecode.c.objc; path = BaseViewController.m; sourceTree = "<group>"; };
		CDC9D35A21B4AFA400225E13 /* YSFramework.app */ = {isa = PBXFileReference; explicitFileType = wrapper.application; includeInIndex = 0; path = YSFramework.app; sourceTree = BUILT_PRODUCTS_DIR; };
		CDC9D35D21B4AFA400225E13 /* AppDelegate.h */ = {isa = PBXFileReference; lastKnownFileType = sourcecode.c.h; path = AppDelegate.h; sourceTree = "<group>"; };
		CDC9D35E21B4AFA400225E13 /* AppDelegate.m */ = {isa = PBXFileReference; lastKnownFileType = sourcecode.c.objc; path = AppDelegate.m; sourceTree = "<group>"; };
		CDC9D37421B4B04600225E13 /* MainViewController.h */ = {isa = PBXFileReference; lastKnownFileType = sourcecode.c.h; path = MainViewController.h; sourceTree = "<group>"; };
		CDC9D37521B4B04600225E13 /* MainViewController.m */ = {isa = PBXFileReference; lastKnownFileType = sourcecode.c.objc; path = MainViewController.m; sourceTree = "<group>"; };
		CDC9D37821B4B10900225E13 /* LaunchScreen.storyboard */ = {isa = PBXFileReference; fileEncoding = 4; lastKnownFileType = file.storyboard; path = LaunchScreen.storyboard; sourceTree = "<group>"; };
		CDC9D37921B4B10900225E13 /* Assets.xcassets */ = {isa = PBXFileReference; lastKnownFileType = folder.assetcatalog; path = Assets.xcassets; sourceTree = "<group>"; };
		CDC9D37A21B4B10900225E13 /* main.m */ = {isa = PBXFileReference; fileEncoding = 4; lastKnownFileType = sourcecode.c.objc; path = main.m; sourceTree = "<group>"; };
		CDC9D38021B4B18300225E13 /* Info.plist */ = {isa = PBXFileReference; fileEncoding = 4; lastKnownFileType = text.plist.xml; path = Info.plist; sourceTree = "<group>"; };
		CDC9D38821B503B300225E13 /* LoadingCamelBG@2x.png */ = {isa = PBXFileReference; lastKnownFileType = image.png; path = "LoadingCamelBG@2x.png"; sourceTree = "<group>"; };
		CDC9D38F21B51CE700225E13 /* LoadingCamel_000.png */ = {isa = PBXFileReference; lastKnownFileType = image.png; path = LoadingCamel_000.png; sourceTree = "<group>"; };
		CDC9D39221B51F2F00225E13 /* LoadingViewController.h */ = {isa = PBXFileReference; lastKnownFileType = sourcecode.c.h; path = LoadingViewController.h; sourceTree = "<group>"; };
		CDC9D39321B51F2F00225E13 /* LoadingViewController.m */ = {isa = PBXFileReference; lastKnownFileType = sourcecode.c.objc; path = LoadingViewController.m; sourceTree = "<group>"; };
		CDC9D39D21B54DC100225E13 /* NSString+YSCheck.h */ = {isa = PBXFileReference; lastKnownFileType = sourcecode.c.h; path = "NSString+YSCheck.h"; sourceTree = "<group>"; };
		CDC9D39E21B54DC100225E13 /* NSString+YSCheck.m */ = {isa = PBXFileReference; lastKnownFileType = sourcecode.c.objc; path = "NSString+YSCheck.m"; sourceTree = "<group>"; };
		CDC9D3A321B54E4800225E13 /* NSString+YSUtility.h */ = {isa = PBXFileReference; lastKnownFileType = sourcecode.c.h; path = "NSString+YSUtility.h"; sourceTree = "<group>"; };
		CDC9D3A421B54E4800225E13 /* NSString+YSUtility.m */ = {isa = PBXFileReference; lastKnownFileType = sourcecode.c.objc; path = "NSString+YSUtility.m"; sourceTree = "<group>"; };
		CDC9D3A621B5561500225E13 /* NSString+YSBase64.h */ = {isa = PBXFileReference; lastKnownFileType = sourcecode.c.h; path = "NSString+YSBase64.h"; sourceTree = "<group>"; };
		CDC9D3A721B5561500225E13 /* NSString+YSBase64.m */ = {isa = PBXFileReference; lastKnownFileType = sourcecode.c.objc; path = "NSString+YSBase64.m"; sourceTree = "<group>"; };
		CDC9D3AA21B5564D00225E13 /* NSData+YSBase64.h */ = {isa = PBXFileReference; lastKnownFileType = sourcecode.c.h; path = "NSData+YSBase64.h"; sourceTree = "<group>"; };
		CDC9D3AB21B5564D00225E13 /* NSData+YSBase64.m */ = {isa = PBXFileReference; lastKnownFileType = sourcecode.c.objc; path = "NSData+YSBase64.m"; sourceTree = "<group>"; };
		CDC9D3AE21B5FFB800225E13 /* LocationViewController.h */ = {isa = PBXFileReference; lastKnownFileType = sourcecode.c.h; path = LocationViewController.h; sourceTree = "<group>"; };
		CDC9D3AF21B5FFB800225E13 /* LocationViewController.m */ = {isa = PBXFileReference; lastKnownFileType = sourcecode.c.objc; path = LocationViewController.m; sourceTree = "<group>"; };
		CDC9D3B421B60A3600225E13 /* BaseConst.h */ = {isa = PBXFileReference; lastKnownFileType = sourcecode.c.h; path = BaseConst.h; sourceTree = "<group>"; };
/* End PBXFileReference section */

/* Begin PBXFrameworksBuildPhase section */
		CDC9D35721B4AFA400225E13 /* Frameworks */ = {
			isa = PBXFrameworksBuildPhase;
			buildActionMask = 2147483647;
			files = (
				CC6CECA5293C12D14C6537E2 /* libPods-YSFramework.a in Frameworks */,
			);
			runOnlyForDeploymentPostprocessing = 0;
		};
/* End PBXFrameworksBuildPhase section */

/* Begin PBXGroup section */
		9CC52FF247A4EE78C9DE4E0A /* Pods */ = {
			isa = PBXGroup;
			children = (
				19B787079488C857D093F576 /* Pods-YSFramework.debug.xcconfig */,
				02156DDB2579339DB2B9CC78 /* Pods-YSFramework.release.xcconfig */,
			);
			name = Pods;
			sourceTree = "<group>";
		};
		B0B80DD47F217805EE8443DF /* Frameworks */ = {
			isa = PBXGroup;
			children = (
				81DC82315DEF7529B89750EE /* libPods-YSFramework.a */,
			);
			name = Frameworks;
			sourceTree = "<group>";
		};
		CD4EC79921B632DF002E8E96 /* NSMutableDictionary */ = {
			isa = PBXGroup;
			children = (
				CD4EC79C21B63318002E8E96 /* NSMutableDictionary+YSSafe.h */,
				CD4EC79D21B63318002E8E96 /* NSMutableDictionary+YSSafe.m */,
			);
			path = NSMutableDictionary;
			sourceTree = "<group>";
		};
		CD4EC79A21B632DF002E8E96 /* NSDictionary */ = {
			isa = PBXGroup;
			children = (
				CD4EC79F21B63C5C002E8E96 /* NSDictionary+YSSafe.h */,
				CD4EC7A021B63C5C002E8E96 /* NSDictionary+YSSafe.m */,
				CD4EC7A221B65B9B002E8E96 /* NSDictionary+YSRemove.h */,
				CD4EC7A321B65B9B002E8E96 /* NSDictionary+YSRemove.m */,
				CD4EC7AE21B65F95002E8E96 /* NSDictionary+YSSerialize.h */,
				CD4EC7AF21B65F95002E8E96 /* NSDictionary+YSSerialize.m */,
			);
			path = NSDictionary;
			sourceTree = "<group>";
		};
		CD4EC79B21B632DF002E8E96 /* NSObject */ = {
			isa = PBXGroup;
			children = (
				CD4EC7B121B65FB1002E8E96 /* NSObject+YSSerialize.h */,
				CD4EC7B221B65FB1002E8E96 /* NSObject+YSSerialize.m */,
			);
			path = NSObject;
			sourceTree = "<group>";
		};
		CD4EC7BA21B67AE9002E8E96 /* UIColor */ = {
			isa = PBXGroup;
			children = (
				CD4EC7BC21B67C36002E8E96 /* UIColor+YSTurnRGB.h */,
				CD4EC7BD21B67C36002E8E96 /* UIColor+YSTurnRGB.m */,
			);
			path = UIColor;
			sourceTree = "<group>";
		};
		CD4EC7BB21B67AE9002E8E96 /* NSArray */ = {
			isa = PBXGroup;
			children = (
				CD4EC7C221B68FA3002E8E96 /* NSArray+YSCheck.h */,
				CD4EC7C321B68FA3002E8E96 /* NSArray+YSCheck.m */,
				CD4EC7BF21B68F48002E8E96 /* NSArray+YSSerialize.h */,
				CD4EC7C021B68F48002E8E96 /* NSArray+YSSerialize.m */,
			);
			path = NSArray;
			sourceTree = "<group>";
		};
		CD4EC7C521B694AA002E8E96 /* UIAlertController */ = {
			isa = PBXGroup;
			children = (
				CD4EC7C621B694DE002E8E96 /* UIAlertController+YSAlert.h */,
				CD4EC7C721B694DE002E8E96 /* UIAlertController+YSAlert.m */,
			);
			path = UIAlertController;
			sourceTree = "<group>";
		};
		CD4EC7C921B69782002E8E96 /* UIView */ = {
			isa = PBXGroup;
			children = (
				CD4EC7CA21B697A8002E8E96 /* UIView+YSLayout.h */,
				CD4EC7CB21B697A8002E8E96 /* UIView+YSLayout.m */,
			);
			path = UIView;
			sourceTree = "<group>";
		};
		CD4EC7CD21B69975002E8E96 /* UIImage */ = {
			isa = PBXGroup;
			children = (
				CD4EC7CE21B6998F002E8E96 /* UIImage+YSOrientation.h */,
				CD4EC7CF21B6998F002E8E96 /* UIImage+YSOrientation.m */,
				CD4EC7D121B69C55002E8E96 /* UIImage+YSResize.h */,
				CD4EC7D221B69C55002E8E96 /* UIImage+YSResize.m */,
			);
			path = UIImage;
			sourceTree = "<group>";
		};
		CDC9D35121B4AFA400225E13 = {
			isa = PBXGroup;
			children = (
				CDC9D35C21B4AFA400225E13 /* YSFramework */,
				CDC9D35B21B4AFA400225E13 /* Products */,
				9CC52FF247A4EE78C9DE4E0A /* Pods */,
				B0B80DD47F217805EE8443DF /* Frameworks */,
			);
			sourceTree = "<group>";
		};
		CDC9D35B21B4AFA400225E13 /* Products */ = {
			isa = PBXGroup;
			children = (
				CDC9D35A21B4AFA400225E13 /* YSFramework.app */,
			);
			name = Products;
			sourceTree = "<group>";
		};
		CDC9D35C21B4AFA400225E13 /* YSFramework */ = {
			isa = PBXGroup;
			children = (
				CDC9D38221B4EF8100225E13 /* Base */,
				CDC9D37321B4B01D00225E13 /* ViewController */,
				CDC9D35D21B4AFA400225E13 /* AppDelegate.h */,
				CDC9D35E21B4AFA400225E13 /* AppDelegate.m */,
				CDC9D37721B4B10900225E13 /* SupportingFile */,
			);
			path = YSFramework;
			sourceTree = "<group>";
		};
		CDC9D37321B4B01D00225E13 /* ViewController */ = {
			isa = PBXGroup;
			children = (
				CDC9D3B321B6085800225E13 /* Base */,
				CDC9D3B221B6081000225E13 /* Common */,
				CDC9D3AD21B5FF5F00225E13 /* Location */,
				CDC9D39121B51F1B00225E13 /* Loading */,
				CDC9D37421B4B04600225E13 /* MainViewController.h */,
				CDC9D37521B4B04600225E13 /* MainViewController.m */,
			);
			path = ViewController;
			sourceTree = "<group>";
		};
		CDC9D37721B4B10900225E13 /* SupportingFile */ = {
			isa = PBXGroup;
			children = (
				CDC9D38721B503B300225E13 /* images */,
				CDC9D38021B4B18300225E13 /* Info.plist */,
				CDC9D37821B4B10900225E13 /* LaunchScreen.storyboard */,
				CDC9D37921B4B10900225E13 /* Assets.xcassets */,
				CDC9D37A21B4B10900225E13 /* main.m */,
			);
			path = SupportingFile;
			sourceTree = "<group>";
		};
		CDC9D38221B4EF8100225E13 /* Base */ = {
			isa = PBXGroup;
			children = (
				CDC9D38321B4EF8100225E13 /* Expand */,
				CDC9D39521B5465D00225E13 /* Utils */,
			);
			path = Base;
			sourceTree = "<group>";
		};
		CDC9D38321B4EF8100225E13 /* Expand */ = {
			isa = PBXGroup;
			children = (
				CD4EC79B21B632DF002E8E96 /* NSObject */,
				CDC9D3A921B5563800225E13 /* NSData */,
				CD4EC79A21B632DF002E8E96 /* NSDictionary */,
				CD4EC79921B632DF002E8E96 /* NSMutableDictionary */,
				CD4EC7BB21B67AE9002E8E96 /* NSArray */,
				CDC9D39621B547B700225E13 /* NSString */,
				CD4EC7BA21B67AE9002E8E96 /* UIColor */,
				CD4EC7C521B694AA002E8E96 /* UIAlertController */,
				CD4EC7C921B69782002E8E96 /* UIView */,
				CD4EC7CD21B69975002E8E96 /* UIImage */,
			);
			path = Expand;
			sourceTree = "<group>";
		};
		CDC9D38721B503B300225E13 /* images */ = {
			isa = PBXGroup;
			children = (
				CDC9D38F21B51CE700225E13 /* LoadingCamel_000.png */,
				CDC9D38821B503B300225E13 /* LoadingCamelBG@2x.png */,
			);
			path = images;
			sourceTree = "<group>";
		};
		CDC9D39121B51F1B00225E13 /* Loading */ = {
			isa = PBXGroup;
			children = (
				CDC9D39221B51F2F00225E13 /* LoadingViewController.h */,
				CDC9D39321B51F2F00225E13 /* LoadingViewController.m */,
			);
			path = Loading;
			sourceTree = "<group>";
		};
		CDC9D39521B5465D00225E13 /* Utils */ = {
			isa = PBXGroup;
			children = (
			);
			path = Utils;
			sourceTree = "<group>";
		};
		CDC9D39621B547B700225E13 /* NSString */ = {
			isa = PBXGroup;
			children = (
				CDC9D39D21B54DC100225E13 /* NSString+YSCheck.h */,
				CDC9D39E21B54DC100225E13 /* NSString+YSCheck.m */,
				CD4EC7AB21B65E75002E8E96 /* NSString+YSSerialize.h */,
				CD4EC7AC21B65E75002E8E96 /* NSString+YSSerialize.m */,
				CDC9D3A321B54E4800225E13 /* NSString+YSUtility.h */,
				CDC9D3A421B54E4800225E13 /* NSString+YSUtility.m */,
				CDC9D3A621B5561500225E13 /* NSString+YSBase64.h */,
				CDC9D3A721B5561500225E13 /* NSString+YSBase64.m */,
			);
			path = NSString;
			sourceTree = "<group>";
		};
		CDC9D3A921B5563800225E13 /* NSData */ = {
			isa = PBXGroup;
			children = (
				CDC9D3AA21B5564D00225E13 /* NSData+YSBase64.h */,
				CDC9D3AB21B5564D00225E13 /* NSData+YSBase64.m */,
			);
			path = NSData;
			sourceTree = "<group>";
		};
		CDC9D3AD21B5FF5F00225E13 /* Location */ = {
			isa = PBXGroup;
			children = (
				CDC9D3AE21B5FFB800225E13 /* LocationViewController.h */,
				CDC9D3AF21B5FFB800225E13 /* LocationViewController.m */,
			);
			path = Location;
			sourceTree = "<group>";
		};
		CDC9D3B221B6081000225E13 /* Common */ = {
			isa = PBXGroup;
			children = (
			);
			path = Common;
			sourceTree = "<group>";
		};
		CDC9D3B321B6085800225E13 /* Base */ = {
			isa = PBXGroup;
			children = (
				CDC9D3B421B60A3600225E13 /* BaseConst.h */,
				CD4EC7D421B6A554002E8E96 /* BaseViewController.h */,
				CD4EC7D521B6A554002E8E96 /* BaseViewController.m */,
			);
			path = Base;
			sourceTree = "<group>";
		};
/* End PBXGroup section */

/* Begin PBXNativeTarget section */
		CDC9D35921B4AFA400225E13 /* YSFramework */ = {
			isa = PBXNativeTarget;
			buildConfigurationList = CDC9D37021B4AFA600225E13 /* Build configuration list for PBXNativeTarget "YSFramework" */;
			buildPhases = (
				D7989B2EF4C49BDA06D4EAC3 /* [CP] Check Pods Manifest.lock */,
				CDC9D35621B4AFA400225E13 /* Sources */,
				CDC9D35721B4AFA400225E13 /* Frameworks */,
				CDC9D35821B4AFA400225E13 /* Resources */,
			);
			buildRules = (
			);
			dependencies = (
			);
			name = YSFramework;
			productName = YSFramework;
			productReference = CDC9D35A21B4AFA400225E13 /* YSFramework.app */;
			productType = "com.apple.product-type.application";
		};
/* End PBXNativeTarget section */

/* Begin PBXProject section */
		CDC9D35221B4AFA400225E13 /* Project object */ = {
			isa = PBXProject;
			attributes = {
				LastUpgradeCheck = 1000;
				ORGANIZATIONNAME = wch;
				TargetAttributes = {
					CDC9D35921B4AFA400225E13 = {
						CreatedOnToolsVersion = 10.0;
					};
				};
			};
			buildConfigurationList = CDC9D35521B4AFA400225E13 /* Build configuration list for PBXProject "YSFramework" */;
			compatibilityVersion = "Xcode 9.3";
			developmentRegion = en;
			hasScannedForEncodings = 0;
			knownRegions = (
				en,
				Base,
			);
			mainGroup = CDC9D35121B4AFA400225E13;
			productRefGroup = CDC9D35B21B4AFA400225E13 /* Products */;
			projectDirPath = "";
			projectRoot = "";
			targets = (
				CDC9D35921B4AFA400225E13 /* YSFramework */,
			);
		};
/* End PBXProject section */

/* Begin PBXResourcesBuildPhase section */
		CDC9D35821B4AFA400225E13 /* Resources */ = {
			isa = PBXResourcesBuildPhase;
			buildActionMask = 2147483647;
			files = (
				CDC9D38A21B503B300225E13 /* LoadingCamelBG@2x.png in Resources */,
				CDC9D37D21B4B10900225E13 /* Assets.xcassets in Resources */,
				CDC9D37C21B4B10900225E13 /* LaunchScreen.storyboard in Resources */,
				CDC9D39021B51CE700225E13 /* LoadingCamel_000.png in Resources */,
			);
			runOnlyForDeploymentPostprocessing = 0;
		};
/* End PBXResourcesBuildPhase section */

/* Begin PBXShellScriptBuildPhase section */
		D7989B2EF4C49BDA06D4EAC3 /* [CP] Check Pods Manifest.lock */ = {
			isa = PBXShellScriptBuildPhase;
			buildActionMask = 2147483647;
			files = (
			);
			inputPaths = (
				"${PODS_PODFILE_DIR_PATH}/Podfile.lock",
				"${PODS_ROOT}/Manifest.lock",
			);
			name = "[CP] Check Pods Manifest.lock";
			outputPaths = (
				"$(DERIVED_FILE_DIR)/Pods-YSFramework-checkManifestLockResult.txt",
			);
			runOnlyForDeploymentPostprocessing = 0;
			shellPath = /bin/sh;
			shellScript = "diff \"${PODS_PODFILE_DIR_PATH}/Podfile.lock\" \"${PODS_ROOT}/Manifest.lock\" > /dev/null\nif [ $? != 0 ] ; then\n    # print error to STDERR\n    echo \"error: The sandbox is not in sync with the Podfile.lock. Run 'pod install' or update your CocoaPods installation.\" >&2\n    exit 1\nfi\n# This output is used by Xcode 'outputs' to avoid re-running this script phase.\necho \"SUCCESS\" > \"${SCRIPT_OUTPUT_FILE_0}\"\n";
			showEnvVarsInLog = 0;
		};
/* End PBXShellScriptBuildPhase section */

/* Begin PBXSourcesBuildPhase section */
		CDC9D35621B4AFA400225E13 /* Sources */ = {
			isa = PBXSourcesBuildPhase;
			buildActionMask = 2147483647;
			files = (
				CD4EC7D021B6998F002E8E96 /* UIImage+YSOrientation.m in Sources */,
				CD4EC7D621B6A554002E8E96 /* BaseViewController.m in Sources */,
				CD4EC7B321B65FB1002E8E96 /* NSObject+YSSerialize.m in Sources */,
				CDC9D39F21B54DC100225E13 /* NSString+YSCheck.m in Sources */,
				CDC9D37621B4B04600225E13 /* MainViewController.m in Sources */,
				CD4EC7AD21B65E75002E8E96 /* NSString+YSSerialize.m in Sources */,
				CDC9D3A821B5561500225E13 /* NSString+YSBase64.m in Sources */,
				CDC9D3AC21B5564D00225E13 /* NSData+YSBase64.m in Sources */,
				CDC9D37E21B4B10900225E13 /* main.m in Sources */,
				CD4EC7C821B694DE002E8E96 /* UIAlertController+YSAlert.m in Sources */,
				CDC9D3A521B54E4800225E13 /* NSString+YSUtility.m in Sources */,
				CD4EC7C421B68FA3002E8E96 /* NSArray+YSCheck.m in Sources */,
				CDC9D39421B51F2F00225E13 /* LoadingViewController.m in Sources */,
				CDC9D35F21B4AFA400225E13 /* AppDelegate.m in Sources */,
				CD4EC7A121B63C5C002E8E96 /* NSDictionary+YSSafe.m in Sources */,
				CDC9D3B021B5FFB800225E13 /* LocationViewController.m in Sources */,
				CD4EC7B021B65F95002E8E96 /* NSDictionary+YSSerialize.m in Sources */,
				CD4EC7A421B65B9B002E8E96 /* NSDictionary+YSRemove.m in Sources */,
				CD4EC7BE21B67C36002E8E96 /* UIColor+YSTurnRGB.m in Sources */,
				CD4EC7CC21B697A8002E8E96 /* UIView+YSLayout.m in Sources */,
				CD4EC7D321B69C55002E8E96 /* UIImage+YSResize.m in Sources */,
				CD4EC79E21B63318002E8E96 /* NSMutableDictionary+YSSafe.m in Sources */,
				CD4EC7C121B68F48002E8E96 /* NSArray+YSSerialize.m in Sources */,
			);
			runOnlyForDeploymentPostprocessing = 0;
		};
/* End PBXSourcesBuildPhase section */

/* Begin XCBuildConfiguration section */
		CDC9D36E21B4AFA600225E13 /* Debug */ = {
			isa = XCBuildConfiguration;
			buildSettings = {
				ALWAYS_SEARCH_USER_PATHS = NO;
				CLANG_ANALYZER_NONNULL = YES;
				CLANG_ANALYZER_NUMBER_OBJECT_CONVERSION = YES_AGGRESSIVE;
				CLANG_CXX_LANGUAGE_STANDARD = "gnu++14";
				CLANG_CXX_LIBRARY = "libc++";
				CLANG_ENABLE_MODULES = YES;
				CLANG_ENABLE_OBJC_ARC = YES;
				CLANG_ENABLE_OBJC_WEAK = YES;
				CLANG_WARN_BLOCK_CAPTURE_AUTORELEASING = YES;
				CLANG_WARN_BOOL_CONVERSION = YES;
				CLANG_WARN_COMMA = YES;
				CLANG_WARN_CONSTANT_CONVERSION = YES;
				CLANG_WARN_DEPRECATED_OBJC_IMPLEMENTATIONS = YES;
				CLANG_WARN_DIRECT_OBJC_ISA_USAGE = YES_ERROR;
				CLANG_WARN_DOCUMENTATION_COMMENTS = YES;
				CLANG_WARN_EMPTY_BODY = YES;
				CLANG_WARN_ENUM_CONVERSION = YES;
				CLANG_WARN_INFINITE_RECURSION = YES;
				CLANG_WARN_INT_CONVERSION = YES;
				CLANG_WARN_NON_LITERAL_NULL_CONVERSION = YES;
				CLANG_WARN_OBJC_IMPLICIT_RETAIN_SELF = YES;
				CLANG_WARN_OBJC_LITERAL_CONVERSION = YES;
				CLANG_WARN_OBJC_ROOT_CLASS = YES_ERROR;
				CLANG_WARN_RANGE_LOOP_ANALYSIS = YES;
				CLANG_WARN_STRICT_PROTOTYPES = YES;
				CLANG_WARN_SUSPICIOUS_MOVE = YES;
				CLANG_WARN_UNGUARDED_AVAILABILITY = YES_AGGRESSIVE;
				CLANG_WARN_UNREACHABLE_CODE = YES;
				CLANG_WARN__DUPLICATE_METHOD_MATCH = YES;
				CODE_SIGN_IDENTITY = "iPhone Developer";
				COPY_PHASE_STRIP = NO;
				DEBUG_INFORMATION_FORMAT = dwarf;
				ENABLE_STRICT_OBJC_MSGSEND = YES;
				ENABLE_TESTABILITY = YES;
				GCC_C_LANGUAGE_STANDARD = gnu11;
				GCC_DYNAMIC_NO_PIC = NO;
				GCC_NO_COMMON_BLOCKS = YES;
				GCC_OPTIMIZATION_LEVEL = 0;
				GCC_PREPROCESSOR_DEFINITIONS = (
					"DEBUG=1",
					"$(inherited)",
				);
				GCC_WARN_64_TO_32_BIT_CONVERSION = YES;
				GCC_WARN_ABOUT_RETURN_TYPE = YES_ERROR;
				GCC_WARN_UNDECLARED_SELECTOR = YES;
				GCC_WARN_UNINITIALIZED_AUTOS = YES_AGGRESSIVE;
				GCC_WARN_UNUSED_FUNCTION = YES;
				GCC_WARN_UNUSED_VARIABLE = YES;
				IPHONEOS_DEPLOYMENT_TARGET = 12.0;
				MTL_ENABLE_DEBUG_INFO = INCLUDE_SOURCE;
				MTL_FAST_MATH = YES;
				ONLY_ACTIVE_ARCH = YES;
				SDKROOT = iphoneos;
			};
			name = Debug;
		};
		CDC9D36F21B4AFA600225E13 /* Release */ = {
			isa = XCBuildConfiguration;
			buildSettings = {
				ALWAYS_SEARCH_USER_PATHS = NO;
				CLANG_ANALYZER_NONNULL = YES;
				CLANG_ANALYZER_NUMBER_OBJECT_CONVERSION = YES_AGGRESSIVE;
				CLANG_CXX_LANGUAGE_STANDARD = "gnu++14";
				CLANG_CXX_LIBRARY = "libc++";
				CLANG_ENABLE_MODULES = YES;
				CLANG_ENABLE_OBJC_ARC = YES;
				CLANG_ENABLE_OBJC_WEAK = YES;
				CLANG_WARN_BLOCK_CAPTURE_AUTORELEASING = YES;
				CLANG_WARN_BOOL_CONVERSION = YES;
				CLANG_WARN_COMMA = YES;
				CLANG_WARN_CONSTANT_CONVERSION = YES;
				CLANG_WARN_DEPRECATED_OBJC_IMPLEMENTATIONS = YES;
				CLANG_WARN_DIRECT_OBJC_ISA_USAGE = YES_ERROR;
				CLANG_WARN_DOCUMENTATION_COMMENTS = YES;
				CLANG_WARN_EMPTY_BODY = YES;
				CLANG_WARN_ENUM_CONVERSION = YES;
				CLANG_WARN_INFINITE_RECURSION = YES;
				CLANG_WARN_INT_CONVERSION = YES;
				CLANG_WARN_NON_LITERAL_NULL_CONVERSION = YES;
				CLANG_WARN_OBJC_IMPLICIT_RETAIN_SELF = YES;
				CLANG_WARN_OBJC_LITERAL_CONVERSION = YES;
				CLANG_WARN_OBJC_ROOT_CLASS = YES_ERROR;
				CLANG_WARN_RANGE_LOOP_ANALYSIS = YES;
				CLANG_WARN_STRICT_PROTOTYPES = YES;
				CLANG_WARN_SUSPICIOUS_MOVE = YES;
				CLANG_WARN_UNGUARDED_AVAILABILITY = YES_AGGRESSIVE;
				CLANG_WARN_UNREACHABLE_CODE = YES;
				CLANG_WARN__DUPLICATE_METHOD_MATCH = YES;
				CODE_SIGN_IDENTITY = "iPhone Developer";
				COPY_PHASE_STRIP = NO;
				DEBUG_INFORMATION_FORMAT = "dwarf-with-dsym";
				ENABLE_NS_ASSERTIONS = NO;
				ENABLE_STRICT_OBJC_MSGSEND = YES;
				GCC_C_LANGUAGE_STANDARD = gnu11;
				GCC_NO_COMMON_BLOCKS = YES;
				GCC_WARN_64_TO_32_BIT_CONVERSION = YES;
				GCC_WARN_ABOUT_RETURN_TYPE = YES_ERROR;
				GCC_WARN_UNDECLARED_SELECTOR = YES;
				GCC_WARN_UNINITIALIZED_AUTOS = YES_AGGRESSIVE;
				GCC_WARN_UNUSED_FUNCTION = YES;
				GCC_WARN_UNUSED_VARIABLE = YES;
				IPHONEOS_DEPLOYMENT_TARGET = 12.0;
				MTL_ENABLE_DEBUG_INFO = NO;
				MTL_FAST_MATH = YES;
				SDKROOT = iphoneos;
				VALIDATE_PRODUCT = YES;
			};
			name = Release;
		};
		CDC9D37121B4AFA600225E13 /* Debug */ = {
			isa = XCBuildConfiguration;
			baseConfigurationReference = 19B787079488C857D093F576 /* Pods-YSFramework.debug.xcconfig */;
			buildSettings = {
				ASSETCATALOG_COMPILER_APPICON_NAME = AppIcon;
				CODE_SIGN_STYLE = Automatic;
				DEVELOPMENT_TEAM = Y92CQBB73U;
				INFOPLIST_FILE = YSFramework/SupportingFile/Info.plist;
				IPHONEOS_DEPLOYMENT_TARGET = 9.0;
				LD_RUNPATH_SEARCH_PATHS = (
					"$(inherited)",
					"@executable_path/Frameworks",
				);
				PRODUCT_BUNDLE_IDENTIFIER = com.leading.wch.YSFramework;
				PRODUCT_NAME = "$(TARGET_NAME)";
				TARGETED_DEVICE_FAMILY = "1,2";
			};
			name = Debug;
		};
		CDC9D37221B4AFA600225E13 /* Release */ = {
			isa = XCBuildConfiguration;
			baseConfigurationReference = 02156DDB2579339DB2B9CC78 /* Pods-YSFramework.release.xcconfig */;
			buildSettings = {
				ASSETCATALOG_COMPILER_APPICON_NAME = AppIcon;
				CODE_SIGN_STYLE = Automatic;
				DEVELOPMENT_TEAM = Y92CQBB73U;
				INFOPLIST_FILE = YSFramework/SupportingFile/Info.plist;
				IPHONEOS_DEPLOYMENT_TARGET = 9.0;
				LD_RUNPATH_SEARCH_PATHS = (
					"$(inherited)",
					"@executable_path/Frameworks",
				);
				PRODUCT_BUNDLE_IDENTIFIER = com.leading.wch.YSFramework;
				PRODUCT_NAME = "$(TARGET_NAME)";
				TARGETED_DEVICE_FAMILY = "1,2";
			};
			name = Release;
		};
/* End XCBuildConfiguration section */

/* Begin XCConfigurationList section */
		CDC9D35521B4AFA400225E13 /* Build configuration list for PBXProject "YSFramework" */ = {
			isa = XCConfigurationList;
			buildConfigurations = (
				CDC9D36E21B4AFA600225E13 /* Debug */,
				CDC9D36F21B4AFA600225E13 /* Release */,
			);
			defaultConfigurationIsVisible = 0;
			defaultConfigurationName = Release;
		};
		CDC9D37021B4AFA600225E13 /* Build configuration list for PBXNativeTarget "YSFramework" */ = {
			isa = XCConfigurationList;
			buildConfigurations = (
				CDC9D37121B4AFA600225E13 /* Debug */,
				CDC9D37221B4AFA600225E13 /* Release */,
			);
			defaultConfigurationIsVisible = 0;
			defaultConfigurationName = Release;
		};
/* End XCConfigurationList section */
	};
	rootObject = CDC9D35221B4AFA400225E13 /* Project object */;
}
